
Microsoft Visual Studio Solution File, Format Version 12.00
# Visual Studio Version 16
VisualStudioVersion = 16.0.32630.194
MinimumVisualStudioVersion = 10.0.40219.1
Project("{FAE04EC0-301F-11D3-BF4B-00C04F79EFBC}") = "dotnetCore_API", "dotnetCore_API\dotnetCore_API.csproj", "{1B776E7E-9422-4889-BFF8-FBD0554075DD}"
EndProject
Global
	GlobalSection(SolutionConfigurationPlatforms) = preSolution
		Debug|Any CPU = Debug|Any CPU
		Release|Any CPU = Release|Any CPU
	EndGlobalSection
	GlobalSection(ProjectConfigurationPlatforms) = postSolution
		{1B776E7E-9422-4889-BFF8-FBD0554075DD}.Debug|Any CPU.ActiveCfg = Debug|Any CPU
		{1B776E7E-9422-4889-BFF8-FBD0554075DD}.Debug|Any CPU.Build.0 = Debug|Any CPU
		{1B776E7E-9422-4889-BFF8-FBD0554075DD}.Release|Any CPU.ActiveCfg = Release|Any CPU
		{1B776E7E-9422-4889-BFF8-FBD0554075DD}.Release|Any CPU.Build.0 = Release|Any CPU
	EndGlobalSection
	GlobalSection(SolutionProperties) = preSolution
		HideSolutionNode = FALSE
	EndGlobalSection
	GlobalSection(ExtensibilityGlobals) = postSolution
		SolutionGuid = {F02EC758-86FD-41EA-86F2-8373057323FB}
	EndGlobalSection
EndGlobal
